
Microsoft Visual Studio Solution File, Format Version 12.00
# Visual Studio Version 17
VisualStudioVersion = 17.11.35327.3
MinimumVisualStudioVersion = 10.0.40219.1
Project("{9A19103F-16F7-4668-BE54-9A1E7A4F7556}") = "DataAccess", "DataAccess\DataAccess.csproj", "{A969BF01-AC82-49F8-9F35-681C95E9ABFB}"
EndProject
Project("{9A19103F-16F7-4668-BE54-9A1E7A4F7556}") = "Domain", "Domain\Domain.csproj", "{5AA332B8-4483-42A7-9895-59DA523CDCF2}"
EndProject
Project("{9A19103F-16F7-4668-BE54-9A1E7A4F7556}") = "Business", "Business\Business.csproj", "{F5205782-5AA5-4738-A5A6-8CF5C63213B5}"
EndProject
Project("{9A19103F-16F7-4668-BE54-9A1E7A4F7556}") = "UI", "UI\UI.csproj", "{0F182855-E8DE-4F14-A251-638BD6DC774C}"
EndProject
Project("{FAE04EC0-301F-11D3-BF4B-00C04F79EFBC}") = "test", "test\test.csproj", "{D4F57561-0B58-41C5-AB26-198BC2F55293}"
EndProject
Project("{FAE04EC0-301F-11D3-BF4B-00C04F79EFBC}") = "OtoMuhasebe.Api", "OtoMuhasebe.Api\OtoMuhasebe.Api.csproj", "{019B945E-8EF8-4C88-913D-2AFB6278F7BA}"
EndProject
Global
	GlobalSection(SolutionConfigurationPlatforms) = preSolution
		Debug|Any CPU = Debug|Any CPU
		Release|Any CPU = Release|Any CPU
	EndGlobalSection
	GlobalSection(ProjectConfigurationPlatforms) = postSolution
		{A969BF01-AC82-49F8-9F35-681C95E9ABFB}.Debug|Any CPU.ActiveCfg = Debug|Any CPU
		{A969BF01-AC82-49F8-9F35-681C95E9ABFB}.Debug|Any CPU.Build.0 = Debug|Any CPU
		{A969BF01-AC82-49F8-9F35-681C95E9ABFB}.Release|Any CPU.ActiveCfg = Release|Any CPU
		{A969BF01-AC82-49F8-9F35-681C95E9ABFB}.Release|Any CPU.Build.0 = Release|Any CPU
		{5AA332B8-4483-42A7-9895-59DA523CDCF2}.Debug|Any CPU.ActiveCfg = Debug|Any CPU
		{5AA332B8-4483-42A7-9895-59DA523CDCF2}.Debug|Any CPU.Build.0 = Debug|Any CPU
		{5AA332B8-4483-42A7-9895-59DA523CDCF2}.Release|Any CPU.ActiveCfg = Release|Any CPU
		{5AA332B8-4483-42A7-9895-59DA523CDCF2}.Release|Any CPU.Build.0 = Release|Any CPU
		{F5205782-5AA5-4738-A5A6-8CF5C63213B5}.Debug|Any CPU.ActiveCfg = Debug|Any CPU
		{F5205782-5AA5-4738-A5A6-8CF5C63213B5}.Debug|Any CPU.Build.0 = Debug|Any CPU
		{F5205782-5AA5-4738-A5A6-8CF5C63213B5}.Release|Any CPU.ActiveCfg = Release|Any CPU
		{F5205782-5AA5-4738-A5A6-8CF5C63213B5}.Release|Any CPU.Build.0 = Release|Any CPU
		{0F182855-E8DE-4F14-A251-638BD6DC774C}.Debug|Any CPU.ActiveCfg = Debug|Any CPU
		{0F182855-E8DE-4F14-A251-638BD6DC774C}.Debug|Any CPU.Build.0 = Debug|Any CPU
		{0F182855-E8DE-4F14-A251-638BD6DC774C}.Release|Any CPU.ActiveCfg = Release|Any CPU
		{0F182855-E8DE-4F14-A251-638BD6DC774C}.Release|Any CPU.Build.0 = Release|Any CPU
		{D4F57561-0B58-41C5-AB26-198BC2F55293}.Debug|Any CPU.ActiveCfg = Debug|Any CPU
		{D4F57561-0B58-41C5-AB26-198BC2F55293}.Debug|Any CPU.Build.0 = Debug|Any CPU
		{D4F57561-0B58-41C5-AB26-198BC2F55293}.Release|Any CPU.ActiveCfg = Release|Any CPU
		{D4F57561-0B58-41C5-AB26-198BC2F55293}.Release|Any CPU.Build.0 = Release|Any CPU
		{019B945E-8EF8-4C88-913D-2AFB6278F7BA}.Debug|Any CPU.ActiveCfg = Debug|Any CPU
		{019B945E-8EF8-4C88-913D-2AFB6278F7BA}.Debug|Any CPU.Build.0 = Debug|Any CPU
		{019B945E-8EF8-4C88-913D-2AFB6278F7BA}.Release|Any CPU.ActiveCfg = Release|Any CPU
		{019B945E-8EF8-4C88-913D-2AFB6278F7BA}.Release|Any CPU.Build.0 = Release|Any CPU
	EndGlobalSection
	GlobalSection(SolutionProperties) = preSolution
		HideSolutionNode = FALSE
	EndGlobalSection
	GlobalSection(ExtensibilityGlobals) = postSolution
		SolutionGuid = {B8390C65-CB24-42FD-A091-8455791179AD}
	EndGlobalSection
EndGlobal
